
Microsoft Visual Studio Solution File, Format Version 12.00
# Visual Studio Version 16
VisualStudioVersion = 16.0.30804.86
MinimumVisualStudioVersion = 10.0.40219.1
Project("{FAE04EC0-301F-11D3-BF4B-00C04F79EFBC}") = "EJERCICIO9", "EJERCICIO9\EJERCICIO9.csproj", "{6EA0B165-8153-4E25-A5A3-1AE732B648E8}"
EndProject
Global
	GlobalSection(SolutionConfigurationPlatforms) = preSolution
		Debug|Any CPU = Debug|Any CPU
		Release|Any CPU = Release|Any CPU
	EndGlobalSection
	GlobalSection(ProjectConfigurationPlatforms) = postSolution
		{6EA0B165-8153-4E25-A5A3-1AE732B648E8}.Debug|Any CPU.ActiveCfg = Debug|Any CPU
		{6EA0B165-8153-4E25-A5A3-1AE732B648E8}.Debug|Any CPU.Build.0 = Debug|Any CPU
		{6EA0B165-8153-4E25-A5A3-1AE732B648E8}.Release|Any CPU.ActiveCfg = Release|Any CPU
		{6EA0B165-8153-4E25-A5A3-1AE732B648E8}.Release|Any CPU.Build.0 = Release|Any CPU
	EndGlobalSection
	GlobalSection(SolutionProperties) = preSolution
		HideSolutionNode = FALSE
	EndGlobalSection
	GlobalSection(ExtensibilityGlobals) = postSolution
		SolutionGuid = {3C14622D-68CF-49E3-AC84-1C8AB5DDA180}
	EndGlobalSection
EndGlobal
